// !$*UTF8*$!
{
	archiveVersion = 1;
	classes = {
	};
	objectVersion = 56;
	objects = {

/* Begin PBXBuildFile section */
		84955C822C27C73E003D8D7C /* demoGithubApp.swift in Sources */ = {isa = PBXBuildFile; fileRef = 84955C812C27C73E003D8D7C /* demoGithubApp.swift */; };
		84955C842C27C73E003D8D7C /* ContentView.swift in Sources */ = {isa = PBXBuildFile; fileRef = 84955C832C27C73E003D8D7C /* ContentView.swift */; };
		84955C862C27C73F003D8D7C /* Assets.xcassets in Resources */ = {isa = PBXBuildFile; fileRef = 84955C852C27C73F003D8D7C /* Assets.xcassets */; };
		84955C892C27C73F003D8D7C /* Preview Assets.xcassets in Resources */ = {isa = PBXBuildFile; fileRef = 84955C882C27C73F003D8D7C /* Preview Assets.xcassets */; };
		84955C932C27C73F003D8D7C /* demoGithubTests.swift in Sources */ = {isa = PBXBuildFile; fileRef = 84955C922C27C73F003D8D7C /* demoGithubTests.swift */; };
		84955C9D2C27C73F003D8D7C /* demoGithubUITests.swift in Sources */ = {isa = PBXBuildFile; fileRef = 84955C9C2C27C73F003D8D7C /* demoGithubUITests.swift */; };
		84955C9F2C27C73F003D8D7C /* demoGithubUITestsLaunchTests.swift in Sources */ = {isa = PBXBuildFile; fileRef = 84955C9E2C27C73F003D8D7C /* demoGithubUITestsLaunchTests.swift */; };
/* End PBXBuildFile section */

/* Begin PBXContainerItemProxy section */
		84955C8F2C27C73F003D8D7C /* PBXContainerItemProxy */ = {
			isa = PBXContainerItemProxy;
			containerPortal = 84955C762C27C73E003D8D7C /* Project object */;
			proxyType = 1;
			remoteGlobalIDString = 84955C7D2C27C73E003D8D7C;
			remoteInfo = demoGithub;
		};
		84955C992C27C73F003D8D7C /* PBXContainerItemProxy */ = {
			isa = PBXContainerItemProxy;
			containerPortal = 84955C762C27C73E003D8D7C /* Project object */;
			proxyType = 1;
			remoteGlobalIDString = 84955C7D2C27C73E003D8D7C;
			remoteInfo = demoGithub;
		};
/* End PBXContainerItemProxy section */

/* Begin PBXFileReference section */
		84955C7E2C27C73E003D8D7C /* demoGithub.app */ = {isa = PBXFileReference; explicitFileType = wrapper.application; includeInIndex = 0; path = demoGithub.app; sourceTree = BUILT_PRODUCTS_DIR; };
		84955C812C27C73E003D8D7C /* demoGithubApp.swift */ = {isa = PBXFileReference; lastKnownFileType = sourcecode.swift; path = demoGithubApp.swift; sourceTree = "<group>"; };
		84955C832C27C73E003D8D7C /* ContentView.swift */ = {isa = PBXFileReference; lastKnownFileType = sourcecode.swift; path = ContentView.swift; sourceTree = "<group>"; };
		84955C852C27C73F003D8D7C /* Assets.xcassets */ = {isa = PBXFileReference; lastKnownFileType = folder.assetcatalog; path = Assets.xcassets; sourceTree = "<group>"; };
		84955C882C27C73F003D8D7C /* Preview Assets.xcassets */ = {isa = PBXFileReference; lastKnownFileType = folder.assetcatalog; path = "Preview Assets.xcassets"; sourceTree = "<group>"; };
		84955C8E2C27C73F003D8D7C /* demoGithubTests.xctest */ = {isa = PBXFileReference; explicitFileType = wrapper.cfbundle; includeInIndex = 0; path = demoGithubTests.xctest; sourceTree = BUILT_PRODUCTS_DIR; };
		84955C922C27C73F003D8D7C /* demoGithubTests.swift */ = {isa = PBXFileReference; lastKnownFileType = sourcecode.swift; path = demoGithubTests.swift; sourceTree = "<group>"; };
		84955C982C27C73F003D8D7C /* demoGithubUITests.xctest */ = {isa = PBXFileReference; explicitFileType = wrapper.cfbundle; includeInIndex = 0; path = demoGithubUITests.xctest; sourceTree = BUILT_PRODUCTS_DIR; };
		84955C9C2C27C73F003D8D7C /* demoGithubUITests.swift */ = {isa = PBXFileReference; lastKnownFileType = sourcecode.swift; path = demoGithubUITests.swift; sourceTree = "<group>"; };
		84955C9E2C27C73F003D8D7C /* demoGithubUITestsLaunchTests.swift */ = {isa = PBXFileReference; lastKnownFileType = sourcecode.swift; path = demoGithubUITestsLaunchTests.swift; sourceTree = "<group>"; };
/* End PBXFileReference section */

/* Begin PBXFrameworksBuildPhase section */
		84955C7B2C27C73E003D8D7C /* Frameworks */ = {
			isa = PBXFrameworksBuildPhase;
			buildActionMask = 2147483647;
			files = (
			);
			runOnlyForDeploymentPostprocessing = 0;
		};
		84955C8B2C27C73F003D8D7C /* Frameworks */ = {
			isa = PBXFrameworksBuildPhase;
			buildActionMask = 2147483647;
			files = (
			);
			runOnlyForDeploymentPostprocessing = 0;
		};
		84955C952C27C73F003D8D7C /* Frameworks */ = {
			isa = PBXFrameworksBuildPhase;
			buildActionMask = 2147483647;
			files = (
			);
			runOnlyForDeploymentPostprocessing = 0;
		};
/* End PBXFrameworksBuildPhase section */

/* Begin PBXGroup section */
		84955C752C27C73E003D8D7C = {
			isa = PBXGroup;
			children = (
				84955C802C27C73E003D8D7C /* demoGithub */,
				84955C912C27C73F003D8D7C /* demoGithubTests */,
				84955C9B2C27C73F003D8D7C /* demoGithubUITests */,
				84955C7F2C27C73E003D8D7C /* Products */,
			);
			sourceTree = "<group>";
		};
		84955C7F2C27C73E003D8D7C /* Products */ = {
			isa = PBXGroup;
			children = (
				84955C7E2C27C73E003D8D7C /* demoGithub.app */,
				84955C8E2C27C73F003D8D7C /* demoGithubTests.xctest */,
				84955C982C27C73F003D8D7C /* demoGithubUITests.xctest */,
			);
			name = Products;
			sourceTree = "<group>";
		};
		84955C802C27C73E003D8D7C /* demoGithub */ = {
			isa = PBXGroup;
			children = (
				84955C812C27C73E003D8D7C /* demoGithubApp.swift */,
				84955C832C27C73E003D8D7C /* ContentView.swift */,
				84955C852C27C73F003D8D7C /* Assets.xcassets */,
				84955C872C27C73F003D8D7C /* Preview Content */,
			);
			path = demoGithub;
			sourceTree = "<group>";
		};
		84955C872C27C73F003D8D7C /* Preview Content */ = {
			isa = PBXGroup;
			children = (
				84955C882C27C73F003D8D7C /* Preview Assets.xcassets */,
			);
			path = "Preview Content";
			sourceTree = "<group>";
		};
		84955C912C27C73F003D8D7C /* demoGithubTests */ = {
			isa = PBXGroup;
			children = (
				84955C922C27C73F003D8D7C /* demoGithubTests.swift */,
			);
			path = demoGithubTests;
			sourceTree = "<group>";
		};
		84955C9B2C27C73F003D8D7C /* demoGithubUITests */ = {
			isa = PBXGroup;
			children = (
				84955C9C2C27C73F003D8D7C /* demoGithubUITests.swift */,
				84955C9E2C27C73F003D8D7C /* demoGithubUITestsLaunchTests.swift */,
			);
			path = demoGithubUITests;
			sourceTree = "<group>";
		};
/* End PBXGroup section */

/* Begin PBXNativeTarget section */
		84955C7D2C27C73E003D8D7C /* demoGithub */ = {
			isa = PBXNativeTarget;
			buildConfigurationList = 84955CA22C27C73F003D8D7C /* Build configuration list for PBXNativeTarget "demoGithub" */;
			buildPhases = (
				84955C7A2C27C73E003D8D7C /* Sources */,
				84955C7B2C27C73E003D8D7C /* Frameworks */,
				84955C7C2C27C73E003D8D7C /* Resources */,
			);
			buildRules = (
			);
			dependencies = (
			);
			name = demoGithub;
			productName = demoGithub;
			productReference = 84955C7E2C27C73E003D8D7C /* demoGithub.app */;
			productType = "com.apple.product-type.application";
		};
		84955C8D2C27C73F003D8D7C /* demoGithubTests */ = {
			isa = PBXNativeTarget;
			buildConfigurationList = 84955CA52C27C73F003D8D7C /* Build configuration list for PBXNativeTarget "demoGithubTests" */;
			buildPhases = (
				84955C8A2C27C73F003D8D7C /* Sources */,
				84955C8B2C27C73F003D8D7C /* Frameworks */,
				84955C8C2C27C73F003D8D7C /* Resources */,
			);
			buildRules = (
			);
			dependencies = (
				84955C902C27C73F003D8D7C /* PBXTargetDependency */,
			);
			name = demoGithubTests;
			productName = demoGithubTests;
			productReference = 84955C8E2C27C73F003D8D7C /* demoGithubTests.xctest */;
			productType = "com.apple.product-type.bundle.unit-test";
		};
		84955C972C27C73F003D8D7C /* demoGithubUITests */ = {
			isa = PBXNativeTarget;
			buildConfigurationList = 84955CA82C27C73F003D8D7C /* Build configuration list for PBXNativeTarget "demoGithubUITests" */;
			buildPhases = (
				84955C942C27C73F003D8D7C /* Sources */,
				84955C952C27C73F003D8D7C /* Frameworks */,
				84955C962C27C73F003D8D7C /* Resources */,
			);
			buildRules = (
			);
			dependencies = (
				84955C9A2C27C73F003D8D7C /* PBXTargetDependency */,
			);
			name = demoGithubUITests;
			productName = demoGithubUITests;
			productReference = 84955C982C27C73F003D8D7C /* demoGithubUITests.xctest */;
			productType = "com.apple.product-type.bundle.ui-testing";
		};
/* End PBXNativeTarget section */

/* Begin PBXProject section */
		84955C762C27C73E003D8D7C /* Project object */ = {
			isa = PBXProject;
			attributes = {
				BuildIndependentTargetsInParallel = 1;
				LastSwiftUpdateCheck = 1540;
				LastUpgradeCheck = 1540;
				TargetAttributes = {
					84955C7D2C27C73E003D8D7C = {
						CreatedOnToolsVersion = 15.4;
					};
					84955C8D2C27C73F003D8D7C = {
						CreatedOnToolsVersion = 15.4;
						TestTargetID = 84955C7D2C27C73E003D8D7C;
					};
					84955C972C27C73F003D8D7C = {
						CreatedOnToolsVersion = 15.4;
						TestTargetID = 84955C7D2C27C73E003D8D7C;
					};
				};
			};
			buildConfigurationList = 84955C792C27C73E003D8D7C /* Build configuration list for PBXProject "demoGithub" */;
			compatibilityVersion = "Xcode 14.0";
			developmentRegion = en;
			hasScannedForEncodings = 0;
			knownRegions = (
				en,
				Base,
			);
			mainGroup = 84955C752C27C73E003D8D7C;
			productRefGroup = 84955C7F2C27C73E003D8D7C /* Products */;
			projectDirPath = "";
			projectRoot = "";
			targets = (
				84955C7D2C27C73E003D8D7C /* demoGithub */,
				84955C8D2C27C73F003D8D7C /* demoGithubTests */,
				84955C972C27C73F003D8D7C /* demoGithubUITests */,
			);
		};
/* End PBXProject section */

/* Begin PBXResourcesBuildPhase section */
		84955C7C2C27C73E003D8D7C /* Resources */ = {
			isa = PBXResourcesBuildPhase;
			buildActionMask = 2147483647;
			files = (
				84955C892C27C73F003D8D7C /* Preview Assets.xcassets in Resources */,
				84955C862C27C73F003D8D7C /* Assets.xcassets in Resources */,
			);
			runOnlyForDeploymentPostprocessing = 0;
		};
		84955C8C2C27C73F003D8D7C /* Resources */ = {
			isa = PBXResourcesBuildPhase;
			buildActionMask = 2147483647;
			files = (
			);
			runOnlyForDeploymentPostprocessing = 0;
		};
		84955C962C27C73F003D8D7C /* Resources */ = {
			isa = PBXResourcesBuildPhase;
			buildActionMask = 2147483647;
			files = (
			);
			runOnlyForDeploymentPostprocessing = 0;
		};
/* End PBXResourcesBuildPhase section */

/* Begin PBXSourcesBuildPhase section */
		84955C7A2C27C73E003D8D7C /* Sources */ = {
			isa = PBXSourcesBuildPhase;
			buildActionMask = 2147483647;
			files = (
				84955C842C27C73E003D8D7C /* ContentView.swift in Sources */,
				84955C822C27C73E003D8D7C /* demoGithubApp.swift in Sources */,
			);
			runOnlyForDeploymentPostprocessing = 0;
		};
		84955C8A2C27C73F003D8D7C /* Sources */ = {
			isa = PBXSourcesBuildPhase;
			buildActionMask = 2147483647;
			files = (
				84955C932C27C73F003D8D7C /* demoGithubTests.swift in Sources */,
			);
			runOnlyForDeploymentPostprocessing = 0;
		};
		84955C942C27C73F003D8D7C /* Sources */ = {
			isa = PBXSourcesBuildPhase;
			buildActionMask = 2147483647;
			files = (
				84955C9F2C27C73F003D8D7C /* demoGithubUITestsLaunchTests.swift in Sources */,
				84955C9D2C27C73F003D8D7C /* demoGithubUITests.swift in Sources */,
			);
			runOnlyForDeploymentPostprocessing = 0;
		};
/* End PBXSourcesBuildPhase section */

/* Begin PBXTargetDependency section */
		84955C902C27C73F003D8D7C /* PBXTargetDependency */ = {
			isa = PBXTargetDependency;
			target = 84955C7D2C27C73E003D8D7C /* demoGithub */;
			targetProxy = 84955C8F2C27C73F003D8D7C /* PBXContainerItemProxy */;
		};
		84955C9A2C27C73F003D8D7C /* PBXTargetDependency */ = {
			isa = PBXTargetDependency;
			target = 84955C7D2C27C73E003D8D7C /* demoGithub */;
			targetProxy = 84955C992C27C73F003D8D7C /* PBXContainerItemProxy */;
		};
/* End PBXTargetDependency section */

/* Begin XCBuildConfiguration section */
		84955CA02C27C73F003D8D7C /* Debug */ = {
			isa = XCBuildConfiguration;
			buildSettings = {
				ALWAYS_SEARCH_USER_PATHS = NO;
				ASSETCATALOG_COMPILER_GENERATE_SWIFT_ASSET_SYMBOL_EXTENSIONS = YES;
				CLANG_ANALYZER_NONNULL = YES;
				CLANG_ANALYZER_NUMBER_OBJECT_CONVERSION = YES_AGGRESSIVE;
				CLANG_CXX_LANGUAGE_STANDARD = "gnu++20";
				CLANG_ENABLE_MODULES = YES;
				CLANG_ENABLE_OBJC_ARC = YES;
				CLANG_ENABLE_OBJC_WEAK = YES;
				CLANG_WARN_BLOCK_CAPTURE_AUTORELEASING = YES;
				CLANG_WARN_BOOL_CONVERSION = YES;
				CLANG_WARN_COMMA = YES;
				CLANG_WARN_CONSTANT_CONVERSION = YES;
				CLANG_WARN_DEPRECATED_OBJC_IMPLEMENTATIONS = YES;
				CLANG_WARN_DIRECT_OBJC_ISA_USAGE = YES_ERROR;
				CLANG_WARN_DOCUMENTATION_COMMENTS = YES;
				CLANG_WARN_EMPTY_BODY = YES;
				CLANG_WARN_ENUM_CONVERSION = YES;
				CLANG_WARN_INFINITE_RECURSION = YES;
				CLANG_WARN_INT_CONVERSION = YES;
				CLANG_WARN_NON_LITERAL_NULL_CONVERSION = YES;
				CLANG_WARN_OBJC_IMPLICIT_RETAIN_SELF = YES;
				CLANG_WARN_OBJC_LITERAL_CONVERSION = YES;
				CLANG_WARN_OBJC_ROOT_CLASS = YES_ERROR;
				CLANG_WARN_QUOTED_INCLUDE_IN_FRAMEWORK_HEADER = YES;
				CLANG_WARN_RANGE_LOOP_ANALYSIS = YES;
				CLANG_WARN_STRICT_PROTOTYPES = YES;
				CLANG_WARN_SUSPICIOUS_MOVE = YES;
				CLANG_WARN_UNGUARDED_AVAILABILITY = YES_AGGRESSIVE;
				CLANG_WARN_UNREACHABLE_CODE = YES;
				CLANG_WARN__DUPLICATE_METHOD_MATCH = YES;
				COPY_PHASE_STRIP = NO;
				DEBUG_INFORMATION_FORMAT = dwarf;
				ENABLE_STRICT_OBJC_MSGSEND = YES;
				ENABLE_TESTABILITY = YES;
				ENABLE_USER_SCRIPT_SANDBOXING = YES;
				GCC_C_LANGUAGE_STANDARD = gnu17;
				GCC_DYNAMIC_NO_PIC = NO;
				GCC_NO_COMMON_BLOCKS = YES;
				GCC_OPTIMIZATION_LEVEL = 0;
				GCC_PREPROCESSOR_DEFINITIONS = (
					"DEBUG=1",
					"$(inherited)",
				);
				GCC_WARN_64_TO_32_BIT_CONVERSION = YES;
				GCC_WARN_ABOUT_RETURN_TYPE = YES_ERROR;
				GCC_WARN_UNDECLARED_SELECTOR = YES;
				GCC_WARN_UNINITIALIZED_AUTOS = YES_AGGRESSIVE;
				GCC_WARN_UNUSED_FUNCTION = YES;
				GCC_WARN_UNUSED_VARIABLE = YES;
				IPHONEOS_DEPLOYMENT_TARGET = 17.5;
				LOCALIZATION_PREFERS_STRING_CATALOGS = YES;
				MTL_ENABLE_DEBUG_INFO = INCLUDE_SOURCE;
				MTL_FAST_MATH = YES;
				ONLY_ACTIVE_ARCH = YES;
				SDKROOT = iphoneos;
				SWIFT_ACTIVE_COMPILATION_CONDITIONS = "DEBUG $(inherited)";
				SWIFT_OPTIMIZATION_LEVEL = "-Onone";
			};
			name = Debug;
		};
		84955CA12C27C73F003D8D7C /* Release */ = {
			isa = XCBuildConfiguration;
			buildSettings = {
				ALWAYS_SEARCH_USER_PATHS = NO;
				ASSETCATALOG_COMPILER_GENERATE_SWIFT_ASSET_SYMBOL_EXTENSIONS = YES;
				CLANG_ANALYZER_NONNULL = YES;
				CLANG_ANALYZER_NUMBER_OBJECT_CONVERSION = YES_AGGRESSIVE;
				CLANG_CXX_LANGUAGE_STANDARD = "gnu++20";
				CLANG_ENABLE_MODULES = YES;
				CLANG_ENABLE_OBJC_ARC = YES;
				CLANG_ENABLE_OBJC_WEAK = YES;
				CLANG_WARN_BLOCK_CAPTURE_AUTORELEASING = YES;
				CLANG_WARN_BOOL_CONVERSION = YES;
				CLANG_WARN_COMMA = YES;
				CLANG_WARN_CONSTANT_CONVERSION = YES;
				CLANG_WARN_DEPRECATED_OBJC_IMPLEMENTATIONS = YES;
				CLANG_WARN_DIRECT_OBJC_ISA_USAGE = YES_ERROR;
				CLANG_WARN_DOCUMENTATION_COMMENTS = YES;
				CLANG_WARN_EMPTY_BODY = YES;
				CLANG_WARN_ENUM_CONVERSION = YES;
				CLANG_WARN_INFINITE_RECURSION = YES;
				CLANG_WARN_INT_CONVERSION = YES;
				CLANG_WARN_NON_LITERAL_NULL_CONVERSION = YES;
				CLANG_WARN_OBJC_IMPLICIT_RETAIN_SELF = YES;
				CLANG_WARN_OBJC_LITERAL_CONVERSION = YES;
				CLANG_WARN_OBJC_ROOT_CLASS = YES_ERROR;
				CLANG_WARN_QUOTED_INCLUDE_IN_FRAMEWORK_HEADER = YES;
				CLANG_WARN_RANGE_LOOP_ANALYSIS = YES;
				CLANG_WARN_STRICT_PROTOTYPES = YES;
				CLANG_WARN_SUSPICIOUS_MOVE = YES;
				CLANG_WARN_UNGUARDED_AVAILABILITY = YES_AGGRESSIVE;
				CLANG_WARN_UNREACHABLE_CODE = YES;
				CLANG_WARN__DUPLICATE_METHOD_MATCH = YES;
				COPY_PHASE_STRIP = NO;
				DEBUG_INFORMATION_FORMAT = "dwarf-with-dsym";
				ENABLE_NS_ASSERTIONS = NO;
				ENABLE_STRICT_OBJC_MSGSEND = YES;
				ENABLE_USER_SCRIPT_SANDBOXING = YES;
				GCC_C_LANGUAGE_STANDARD = gnu17;
				GCC_NO_COMMON_BLOCKS = YES;
				GCC_WARN_64_TO_32_BIT_CONVERSION = YES;
				GCC_WARN_ABOUT_RETURN_TYPE = YES_ERROR;
				GCC_WARN_UNDECLARED_SELECTOR = YES;
				GCC_WARN_UNINITIALIZED_AUTOS = YES_AGGRESSIVE;
				GCC_WARN_UNUSED_FUNCTION = YES;
				GCC_WARN_UNUSED_VARIABLE = YES;
				IPHONEOS_DEPLOYMENT_TARGET = 17.5;
				LOCALIZATION_PREFERS_STRING_CATALOGS = YES;
				MTL_ENABLE_DEBUG_INFO = NO;
				MTL_FAST_MATH = YES;
				SDKROOT = iphoneos;
				SWIFT_COMPILATION_MODE = wholemodule;
				VALIDATE_PRODUCT = YES;
			};
			name = Release;
		};
		84955CA32C27C73F003D8D7C /* Debug */ = {
			isa = XCBuildConfiguration;
			buildSettings = {
				ASSETCATALOG_COMPILER_APPICON_NAME = AppIcon;
				ASSETCATALOG_COMPILER_GLOBAL_ACCENT_COLOR_NAME = AccentColor;
				CODE_SIGN_STYLE = Automatic;
				CURRENT_PROJECT_VERSION = 1;
				DEVELOPMENT_ASSET_PATHS = "\"demoGithub/Preview Content\"";
				ENABLE_PREVIEWS = YES;
				GENERATE_INFOPLIST_FILE = YES;
				INFOPLIST_KEY_UIApplicationSceneManifest_Generation = YES;
				INFOPLIST_KEY_UIApplicationSupportsIndirectInputEvents = YES;
				INFOPLIST_KEY_UILaunchScreen_Generation = YES;
				INFOPLIST_KEY_UISupportedInterfaceOrientations_iPad = "UIInterfaceOrientationPortrait UIInterfaceOrientationPortraitUpsideDown UIInterfaceOrientationLandscapeLeft UIInterfaceOrientationLandscapeRight";
				INFOPLIST_KEY_UISupportedInterfaceOrientations_iPhone = "UIInterfaceOrientationPortrait UIInterfaceOrientationLandscapeLeft UIInterfaceOrientationLandscapeRight";
				LD_RUNPATH_SEARCH_PATHS = (
					"$(inherited)",
					"@executable_path/Frameworks",
				);
				MARKETING_VERSION = 1.0;
				PRODUCT_BUNDLE_IDENTIFIER = Guy.demoGithub;
				PRODUCT_NAME = "$(TARGET_NAME)";
				SWIFT_EMIT_LOC_STRINGS = YES;
				SWIFT_VERSION = 5.0;
				TARGETED_DEVICE_FAMILY = "1,2";
			};
			name = Debug;
		};
		84955CA42C27C73F003D8D7C /* Release */ = {
			isa = XCBuildConfiguration;
			buildSettings = {
				ASSETCATALOG_COMPILER_APPICON_NAME = AppIcon;
				ASSETCATALOG_COMPILER_GLOBAL_ACCENT_COLOR_NAME = AccentColor;
				CODE_SIGN_STYLE = Automatic;
				CURRENT_PROJECT_VERSION = 1;
				DEVELOPMENT_ASSET_PATHS = "\"demoGithub/Preview Content\"";
				ENABLE_PREVIEWS = YES;
				GENERATE_INFOPLIST_FILE = YES;
				INFOPLIST_KEY_UIApplicationSceneManifest_Generation = YES;
				INFOPLIST_KEY_UIApplicationSupportsIndirectInputEvents = YES;
				INFOPLIST_KEY_UILaunchScreen_Generation = YES;
				INFOPLIST_KEY_UISupportedInterfaceOrientations_iPad = "UIInterfaceOrientationPortrait UIInterfaceOrientationPortraitUpsideDown UIInterfaceOrientationLandscapeLeft UIInterfaceOrientationLandscapeRight";
				INFOPLIST_KEY_UISupportedInterfaceOrientations_iPhone = "UIInterfaceOrientationPortrait UIInterfaceOrientationLandscapeLeft UIInterfaceOrientationLandscapeRight";
				LD_RUNPATH_SEARCH_PATHS = (
					"$(inherited)",
					"@executable_path/Frameworks",
				);
				MARKETING_VERSION = 1.0;
				PRODUCT_BUNDLE_IDENTIFIER = Guy.demoGithub;
				PRODUCT_NAME = "$(TARGET_NAME)";
				SWIFT_EMIT_LOC_STRINGS = YES;
				SWIFT_VERSION = 5.0;
				TARGETED_DEVICE_FAMILY = "1,2";
			};
			name = Release;
		};
		84955CA62C27C73F003D8D7C /* Debug */ = {
			isa = XCBuildConfiguration;
			buildSettings = {
				ALWAYS_EMBED_SWIFT_STANDARD_LIBRARIES = YES;
				BUNDLE_LOADER = "$(TEST_HOST)";
				CODE_SIGN_STYLE = Automatic;
				CURRENT_PROJECT_VERSION = 1;
				GENERATE_INFOPLIST_FILE = YES;
				IPHONEOS_DEPLOYMENT_TARGET = 17.5;
				MARKETING_VERSION = 1.0;
				PRODUCT_BUNDLE_IDENTIFIER = Guy.demoGithubTests;
				PRODUCT_NAME = "$(TARGET_NAME)";
				SWIFT_EMIT_LOC_STRINGS = NO;
				SWIFT_VERSION = 5.0;
				TARGETED_DEVICE_FAMILY = "1,2";
				TEST_HOST = "$(BUILT_PRODUCTS_DIR)/demoGithub.app/$(BUNDLE_EXECUTABLE_FOLDER_PATH)/demoGithub";
			};
			name = Debug;
		};
		84955CA72C27C73F003D8D7C /* Release */ = {
			isa = XCBuildConfiguration;
			buildSettings = {
				ALWAYS_EMBED_SWIFT_STANDARD_LIBRARIES = YES;
				BUNDLE_LOADER = "$(TEST_HOST)";
				CODE_SIGN_STYLE = Automatic;
				CURRENT_PROJECT_VERSION = 1;
				GENERATE_INFOPLIST_FILE = YES;
				IPHONEOS_DEPLOYMENT_TARGET = 17.5;
				MARKETING_VERSION = 1.0;
				PRODUCT_BUNDLE_IDENTIFIER = Guy.demoGithubTests;
				PRODUCT_NAME = "$(TARGET_NAME)";
				SWIFT_EMIT_LOC_STRINGS = NO;
				SWIFT_VERSION = 5.0;
				TARGETED_DEVICE_FAMILY = "1,2";
				TEST_HOST = "$(BUILT_PRODUCTS_DIR)/demoGithub.app/$(BUNDLE_EXECUTABLE_FOLDER_PATH)/demoGithub";
			};
			name = Release;
		};
		84955CA92C27C73F003D8D7C /* Debug */ = {
			isa = XCBuildConfiguration;
			buildSettings = {
				ALWAYS_EMBED_SWIFT_STANDARD_LIBRARIES = YES;
				CODE_SIGN_STYLE = Automatic;
				CURRENT_PROJECT_VERSION = 1;
				GENERATE_INFOPLIST_FILE = YES;
				MARKETING_VERSION = 1.0;
				PRODUCT_BUNDLE_IDENTIFIER = Guy.demoGithubUITests;
				PRODUCT_NAME = "$(TARGET_NAME)";
				SWIFT_EMIT_LOC_STRINGS = NO;
				SWIFT_VERSION = 5.0;
				TARGETED_DEVICE_FAMILY = "1,2";
				TEST_TARGET_NAME = demoGithub;
			};
			name = Debug;
		};
		84955CAA2C27C73F003D8D7C /* Release */ = {
			isa = XCBuildConfiguration;
			buildSettings = {
				ALWAYS_EMBED_SWIFT_STANDARD_LIBRARIES = YES;
				CODE_SIGN_STYLE = Automatic;
				CURRENT_PROJECT_VERSION = 1;
				GENERATE_INFOPLIST_FILE = YES;
				MARKETING_VERSION = 1.0;
				PRODUCT_BUNDLE_IDENTIFIER = Guy.demoGithubUITests;
				PRODUCT_NAME = "$(TARGET_NAME)";
				SWIFT_EMIT_LOC_STRINGS = NO;
				SWIFT_VERSION = 5.0;
				TARGETED_DEVICE_FAMILY = "1,2";
				TEST_TARGET_NAME = demoGithub;
			};
			name = Release;
		};
/* End XCBuildConfiguration section */

/* Begin XCConfigurationList section */
		84955C792C27C73E003D8D7C /* Build configuration list for PBXProject "demoGithub" */ = {
			isa = XCConfigurationList;
			buildConfigurations = (
				84955CA02C27C73F003D8D7C /* Debug */,
				84955CA12C27C73F003D8D7C /* Release */,
			);
			defaultConfigurationIsVisible = 0;
			defaultConfigurationName = Release;
		};
		84955CA22C27C73F003D8D7C /* Build configuration list for PBXNativeTarget "demoGithub" */ = {
			isa = XCConfigurationList;
			buildConfigurations = (
				84955CA32C27C73F003D8D7C /* Debug */,
				84955CA42C27C73F003D8D7C /* Release */,
			);
			defaultConfigurationIsVisible = 0;
			defaultConfigurationName = Release;
		};
		84955CA52C27C73F003D8D7C /* Build configuration list for PBXNativeTarget "demoGithubTests" */ = {
			isa = XCConfigurationList;
			buildConfigurations = (
				84955CA62C27C73F003D8D7C /* Debug */,
				84955CA72C27C73F003D8D7C /* Release */,
			);
			defaultConfigurationIsVisible = 0;
			defaultConfigurationName = Release;
		};
		84955CA82C27C73F003D8D7C /* Build configuration list for PBXNativeTarget "demoGithubUITests" */ = {
			isa = XCConfigurationList;
			buildConfigurations = (
				84955CA92C27C73F003D8D7C /* Debug */,
				84955CAA2C27C73F003D8D7C /* Release */,
			);
			defaultConfigurationIsVisible = 0;
			defaultConfigurationName = Release;
		};
/* End XCConfigurationList section */
	};
	rootObject = 84955C762C27C73E003D8D7C /* Project object */;
}
